
Microsoft Visual Studio Solution File, Format Version 12.00
# Visual Studio 15
VisualStudioVersion = 15.0.26730.12
MinimumVisualStudioVersion = 10.0.40219.1
Project("{FAE04EC0-301F-11D3-BF4B-00C04F79EFBC}") = "YoutubePlaylistDownloader", "YoutubePlaylistDownloader\YoutubePlaylistDownloader.csproj", "{57ADF475-AC13-4912-A26B-100C6535A74D}"
EndProject
Project("{FAE04EC0-301F-11D3-BF4B-00C04F79EFBC}") = "Encryptor", "Encryptor\Encryptor.csproj", "{8BA96D10-80F6-42A3-938D-29E83EAE99BC}"
EndProject
Project("{2150E333-8FDC-42A3-9474-1A3956D46DE8}") = "Solution Items", "Solution Items", "{2A76AF85-987A-41AE-8D9B-5A510CFB2455}"
	ProjectSection(SolutionItems) = preProject
		License.txt = License.txt
	EndProjectSection
EndProject
Project("{54435603-DBB4-11D2-8724-00A0C9A8B90C}") = "YPDSetup", "YPDSetup\YPDSetup.vdproj", "{EBB1D188-B523-4943-A38B-378DD8A90879}"
EndProject
Global
	GlobalSection(SolutionConfigurationPlatforms) = preSolution
		Debug|Any CPU = Debug|Any CPU
		Release|Any CPU = Release|Any CPU
	EndGlobalSection
	GlobalSection(ProjectConfigurationPlatforms) = postSolution
		{57ADF475-AC13-4912-A26B-100C6535A74D}.Debug|Any CPU.ActiveCfg = Debug|Any CPU
		{57ADF475-AC13-4912-A26B-100C6535A74D}.Debug|Any CPU.Build.0 = Debug|Any CPU
		{57ADF475-AC13-4912-A26B-100C6535A74D}.Release|Any CPU.ActiveCfg = Release|Any CPU
		{57ADF475-AC13-4912-A26B-100C6535A74D}.Release|Any CPU.Build.0 = Release|Any CPU
		{8BA96D10-80F6-42A3-938D-29E83EAE99BC}.Debug|Any CPU.ActiveCfg = Debug|Any CPU
		{8BA96D10-80F6-42A3-938D-29E83EAE99BC}.Debug|Any CPU.Build.0 = Debug|Any CPU
		{8BA96D10-80F6-42A3-938D-29E83EAE99BC}.Release|Any CPU.ActiveCfg = Release|Any CPU
		{8BA96D10-80F6-42A3-938D-29E83EAE99BC}.Release|Any CPU.Build.0 = Release|Any CPU
		{EBB1D188-B523-4943-A38B-378DD8A90879}.Debug|Any CPU.ActiveCfg = Debug
		{EBB1D188-B523-4943-A38B-378DD8A90879}.Release|Any CPU.ActiveCfg = Release
	EndGlobalSection
	GlobalSection(SolutionProperties) = preSolution
		HideSolutionNode = FALSE
	EndGlobalSection
	GlobalSection(ExtensibilityGlobals) = postSolution
		SolutionGuid = {3060B2BF-18B2-4781-90D1-BE0BD1FD7DED}
	EndGlobalSection
EndGlobal
